
Microsoft Visual Studio Solution File, Format Version 12.00
Project("{FAE04EC0-301F-11D3-BF4B-00C04F79EFBC}") = "UserService", "UserService\UserService.csproj", "{D8420128-2705-41D9-82D6-B64E3AF1A9C2}"
EndProject
Project("{FAE04EC0-301F-11D3-BF4B-00C04F79EFBC}") = "ProductService", "ProductService\ProductService.csproj", "{556FB3A9-168E-4043-8BD5-EBB24DBB9BD4}"
EndProject
Project("{FAE04EC0-301F-11D3-BF4B-00C04F79EFBC}") = "OrderService", "OrderService\OrderService.csproj", "{488E99E2-42AE-4DA5-A808-19DF5080850B}"
EndProject
Project("{FAE04EC0-301F-11D3-BF4B-00C04F79EFBC}") = "ApiGateway", "ApiGateway\ApiGateway.csproj", "{603ED083-47EF-4902-9D2C-CF41E7400AF4}"
EndProject
Global
	GlobalSection(SolutionConfigurationPlatforms) = preSolution
		Debug|Any CPU = Debug|Any CPU
		Release|Any CPU = Release|Any CPU
	EndGlobalSection
	GlobalSection(ProjectConfigurationPlatforms) = postSolution
		{D8420128-2705-41D9-82D6-B64E3AF1A9C2}.Debug|Any CPU.ActiveCfg = Debug|Any CPU
		{D8420128-2705-41D9-82D6-B64E3AF1A9C2}.Debug|Any CPU.Build.0 = Debug|Any CPU
		{D8420128-2705-41D9-82D6-B64E3AF1A9C2}.Release|Any CPU.ActiveCfg = Release|Any CPU
		{D8420128-2705-41D9-82D6-B64E3AF1A9C2}.Release|Any CPU.Build.0 = Release|Any CPU
		{556FB3A9-168E-4043-8BD5-EBB24DBB9BD4}.Debug|Any CPU.ActiveCfg = Debug|Any CPU
		{556FB3A9-168E-4043-8BD5-EBB24DBB9BD4}.Debug|Any CPU.Build.0 = Debug|Any CPU
		{556FB3A9-168E-4043-8BD5-EBB24DBB9BD4}.Release|Any CPU.ActiveCfg = Release|Any CPU
		{556FB3A9-168E-4043-8BD5-EBB24DBB9BD4}.Release|Any CPU.Build.0 = Release|Any CPU
		{488E99E2-42AE-4DA5-A808-19DF5080850B}.Debug|Any CPU.ActiveCfg = Debug|Any CPU
		{488E99E2-42AE-4DA5-A808-19DF5080850B}.Debug|Any CPU.Build.0 = Debug|Any CPU
		{488E99E2-42AE-4DA5-A808-19DF5080850B}.Release|Any CPU.ActiveCfg = Release|Any CPU
		{488E99E2-42AE-4DA5-A808-19DF5080850B}.Release|Any CPU.Build.0 = Release|Any CPU
		{603ED083-47EF-4902-9D2C-CF41E7400AF4}.Debug|Any CPU.ActiveCfg = Debug|Any CPU
		{603ED083-47EF-4902-9D2C-CF41E7400AF4}.Debug|Any CPU.Build.0 = Debug|Any CPU
		{603ED083-47EF-4902-9D2C-CF41E7400AF4}.Release|Any CPU.ActiveCfg = Release|Any CPU
		{603ED083-47EF-4902-9D2C-CF41E7400AF4}.Release|Any CPU.Build.0 = Release|Any CPU
	EndGlobalSection
EndGlobal
